
Microsoft Visual Studio Solution File, Format Version 12.00
# Visual Studio Version 16
VisualStudioVersion = 16.0.29519.181
MinimumVisualStudioVersion = 10.0.40219.1
Project("{9A19103F-16F7-4668-BE54-9A1E7A4F7556}") = "HumanManagementApi", "HumanManagementApi\HumanManagementApi.csproj", "{8D8CC468-2932-445E-8BDA-E6E643DF6F14}"
EndProject
Project("{2150E333-8FDC-42A3-9474-1A3956D46DE8}") = "1. Presentation", "1. Presentation", "{8E21BFAE-386D-4356-98A0-82FC6B724E1A}"
EndProject
Project("{2150E333-8FDC-42A3-9474-1A3956D46DE8}") = "2. Application", "2. Application", "{35C0F2CF-E09F-4566-8620-7C843979ED44}"
EndProject
Project("{9A19103F-16F7-4668-BE54-9A1E7A4F7556}") = "HumanManagement.Application", "HumanManagement.Application\HumanManagement.Application.csproj", "{C74BD4AB-2521-48BD-98BA-3BA11A5F7056}"
EndProject
Project("{2150E333-8FDC-42A3-9474-1A3956D46DE8}") = "3. Domain", "3. Domain", "{9DBF4490-B681-4DD1-B153-919AA0CE5B06}"
EndProject
Project("{9A19103F-16F7-4668-BE54-9A1E7A4F7556}") = "HumanManagement.Domain", "HumanManagement.Domain\HumanManagement.Domain.csproj", "{A9922FE2-1CF2-4DB0-9D7C-FF3484F632D9}"
EndProject
Project("{2150E333-8FDC-42A3-9474-1A3956D46DE8}") = "4. Infrastructure", "4. Infrastructure", "{F885BE78-0950-4E67-B66E-753470F0B1A4}"
EndProject
Project("{2150E333-8FDC-42A3-9474-1A3956D46DE8}") = "1. DataAccess", "1. DataAccess", "{269BAE82-66EC-409C-987E-E4134E809B2D}"
EndProject
Project("{9A19103F-16F7-4668-BE54-9A1E7A4F7556}") = "HumanManagement.MsSql", "HumanManagement.MsSql\HumanManagement.MsSql.csproj", "{BFC591E5-EE04-4B95-AAAA-B692D4E220FF}"
EndProject
Project("{2150E333-8FDC-42A3-9474-1A3956D46DE8}") = "5. CrossCuting", "5. CrossCuting", "{F818BA6C-4CD9-4E30-A8E7-30D7006C8A03}"
EndProject
Project("{9A19103F-16F7-4668-BE54-9A1E7A4F7556}") = "HumanManagement.CrossCutting", "HumanManagement.CrossCutting\HumanManagement.CrossCutting.csproj", "{6030942C-CE95-49BC-B30F-37F08019EC8F}"
EndProject
Project("{2150E333-8FDC-42A3-9474-1A3956D46DE8}") = "7. Test", "7. Test", "{4D3983B9-6226-4410-B28E-94DC61623B9E}"
EndProject
Project("{2150E333-8FDC-42A3-9474-1A3956D46DE8}") = "2. Security", "2. Security", "{896591FF-15E1-479B-A0D9-A53F5A850ECB}"
EndProject
Project("{9A19103F-16F7-4668-BE54-9A1E7A4F7556}") = "HumanManagement.Security", "HumanManagement.Security\HumanManagement.Security.csproj", "{BBDE9769-FD45-4160-B352-F481F54BBED9}"
EndProject
Project("{2150E333-8FDC-42A3-9474-1A3956D46DE8}") = "3. Mail", "3. Mail", "{73901406-D219-4CCF-B894-8CCBBD865EF4}"
EndProject
Project("{9A19103F-16F7-4668-BE54-9A1E7A4F7556}") = "HumanManagement.Mail", "HumanManagement.Mail\HumanManagement.Mail.csproj", "{C54F0317-4DBC-4D6F-8AB4-102BF8365F49}"
EndProject
Project("{2150E333-8FDC-42A3-9474-1A3956D46DE8}") = "4. DataImport", "4. DataImport", "{FB732104-38C2-4120-B5D9-F72B1D96D8B6}"
EndProject
Project("{9A19103F-16F7-4668-BE54-9A1E7A4F7556}") = "HumanManagement.ExactusImport", "HumanManagement.ExactusImport\HumanManagement.ExactusImport.csproj", "{E666D097-687C-4D14-BD1C-0E19CAAF06B0}"
EndProject
Project("{2150E333-8FDC-42A3-9474-1A3956D46DE8}") = "WindowsService", "WindowsService", "{525C4A06-D005-492D-8438-96E890424BED}"
EndProject
Project("{2150E333-8FDC-42A3-9474-1A3956D46DE8}") = "6. ApplicationWindowsService", "6. ApplicationWindowsService", "{1CD35BF2-B7F9-4AC6-97EB-2A55D192B69F}"
EndProject
Project("{9A19103F-16F7-4668-BE54-9A1E7A4F7556}") = "WSHumanManagement.Application", "HumanManagement.Application.WS\WSHumanManagement.Application.csproj", "{8A8AF50B-3C88-4514-9069-68F80A27C6B1}"
EndProject
Project("{9A19103F-16F7-4668-BE54-9A1E7A4F7556}") = "WSHumanManagement.ImportUser", "WSHumanManagement.ImportUser\WSHumanManagement.ImportUser.csproj", "{2833BDB4-987B-43EB-A3EC-638D095F055F}"
EndProject
Project("{2150E333-8FDC-42A3-9474-1A3956D46DE8}") = "5. ReadHtml", "5. ReadHtml", "{0A5FC4B4-BA5D-4374-920E-A511698C227E}"
EndProject
Project("{9A19103F-16F7-4668-BE54-9A1E7A4F7556}") = "HumanManagement.ReadHtml", "HumanManagement.ReadHtml\HumanManagement.ReadHtml.csproj", "{C7629FE9-0193-4FA1-9097-0ED55BFE18F0}"
EndProject
Project("{9A19103F-16F7-4668-BE54-9A1E7A4F7556}") = "SitePostulantApi", "SitePostulantApi\SitePostulantApi.csproj", "{5FD0BF5C-0DF0-4A41-8F3A-49C868945094}"
EndProject
Project("{9A19103F-16F7-4668-BE54-9A1E7A4F7556}") = "SitePostulant.Application", "SitePostulant.Application\SitePostulant.Application.csproj", "{942537C3-64A4-4EFA-8196-0828A00A6679}"
EndProject
Project("{2150E333-8FDC-42A3-9474-1A3956D46DE8}") = "6. Web Services", "6. Web Services", "{12F3939A-0926-4A40-A3C9-8226901A9DF5}"
EndProject
Project("{9A19103F-16F7-4668-BE54-9A1E7A4F7556}") = "HumanManagement.WebServices", "HumanManagement.WebServices\HumanManagement.WebServices.csproj", "{6FFA64C8-FA28-4865-AA05-CABAB6444237}"
EndProject
Project("{2150E333-8FDC-42A3-9474-1A3956D46DE8}") = "7. Pdf", "7. Pdf", "{ECB73582-A35F-40F6-8B48-55E62DAD635E}"
EndProject
Project("{9A19103F-16F7-4668-BE54-9A1E7A4F7556}") = "HumanManagement.Pdf", "HumanManagement.Pdf\HumanManagement.Pdf.csproj", "{9D817519-BE65-43C8-9D6B-EAC97544215C}"
EndProject
Project("{9A19103F-16F7-4668-BE54-9A1E7A4F7556}") = "HumanManagement.MsSqlExactus", "HumanManagement.MsSqlExactus\HumanManagement.MsSqlExactus.csproj", "{4D20013F-85E3-4CDE-9424-F5828891622D}"
EndProject
Project("{9A19103F-16F7-4668-BE54-9A1E7A4F7556}") = "WSExactusHumanManagement.ImportDepartamento", "WSExactusHumanManagement.ImportDepartamento\WSExactusHumanManagement.ImportDepartamento.csproj", "{CF100F4A-E9C4-4151-80D9-0DE89380A81B}"
EndProject
Project("{9A19103F-16F7-4668-BE54-9A1E7A4F7556}") = "WSHumanManagement.Application", "WSHumanManagement.Application\WSHumanManagement.Application.csproj", "{EAA39995-1C9D-4DC1-89CB-277C0950DE2D}"
EndProject
Project("{9A19103F-16F7-4668-BE54-9A1E7A4F7556}") = "WSExactusHumanManagement.ImportPuesto", "WSExactusHumanManagement.ImportPuesto\WSExactusHumanManagement.ImportPuesto.csproj", "{F928807A-B7EB-4980-BB59-FE4B6BA30DA8}"
EndProject
Project("{9A19103F-16F7-4668-BE54-9A1E7A4F7556}") = "WSExactusHumanManagement.ImportEmpleado", "WSExactusHumanManagement.ImportEmpleado\WSExactusHumanManagement.ImportEmpleado.csproj", "{625FC619-C949-4486-8685-E5E4E7E9F28F}"
EndProject
Project("{9A19103F-16F7-4668-BE54-9A1E7A4F7556}") = "HumanManagement.MsSqlServerUs", "HumanManagement.MsSqlServerUs\HumanManagement.MsSqlServerUs.csproj", "{CEBF60CE-DE91-4552-B04D-E62DDF1C02AE}"
EndProject
Project("{9A19103F-16F7-4668-BE54-9A1E7A4F7556}") = "WSExactusHumanManagement.ExportEmpleado", "WSExactusHumanManagement.ExportEmpleado\WSExactusHumanManagement.ExportEmpleado.csproj", "{991EDD61-86DA-4568-9821-29875334D907}"
EndProject
Project("{9A19103F-16F7-4668-BE54-9A1E7A4F7556}") = "WSExactusHumanManagement.ImportNomina", "WSExactusHumanManagement.ImportNomina\WSExactusHumanManagement.ImportNomina.csproj", "{E76E75EC-A2EB-4A75-886E-8F25CCB1CCEF}"
EndProject
Project("{9A19103F-16F7-4668-BE54-9A1E7A4F7556}") = "WSTestLogService.Test", "WSTestLogService.Test\WSTestLogService.Test.csproj", "{963D73D8-1AF3-4F97-AC2A-BD19096FAF9D}"
EndProject
Global
	GlobalSection(SolutionConfigurationPlatforms) = preSolution
		Debug|Any CPU = Debug|Any CPU
		Release|Any CPU = Release|Any CPU
	EndGlobalSection
	GlobalSection(ProjectConfigurationPlatforms) = postSolution
		{8D8CC468-2932-445E-8BDA-E6E643DF6F14}.Debug|Any CPU.ActiveCfg = Debug|Any CPU
		{8D8CC468-2932-445E-8BDA-E6E643DF6F14}.Debug|Any CPU.Build.0 = Debug|Any CPU
		{8D8CC468-2932-445E-8BDA-E6E643DF6F14}.Release|Any CPU.ActiveCfg = Release|Any CPU
		{8D8CC468-2932-445E-8BDA-E6E643DF6F14}.Release|Any CPU.Build.0 = Release|Any CPU
		{C74BD4AB-2521-48BD-98BA-3BA11A5F7056}.Debug|Any CPU.ActiveCfg = Debug|Any CPU
		{C74BD4AB-2521-48BD-98BA-3BA11A5F7056}.Debug|Any CPU.Build.0 = Debug|Any CPU
		{C74BD4AB-2521-48BD-98BA-3BA11A5F7056}.Release|Any CPU.ActiveCfg = Release|Any CPU
		{C74BD4AB-2521-48BD-98BA-3BA11A5F7056}.Release|Any CPU.Build.0 = Release|Any CPU
		{A9922FE2-1CF2-4DB0-9D7C-FF3484F632D9}.Debug|Any CPU.ActiveCfg = Debug|Any CPU
		{A9922FE2-1CF2-4DB0-9D7C-FF3484F632D9}.Debug|Any CPU.Build.0 = Debug|Any CPU
		{A9922FE2-1CF2-4DB0-9D7C-FF3484F632D9}.Release|Any CPU.ActiveCfg = Release|Any CPU
		{A9922FE2-1CF2-4DB0-9D7C-FF3484F632D9}.Release|Any CPU.Build.0 = Release|Any CPU
		{BFC591E5-EE04-4B95-AAAA-B692D4E220FF}.Debug|Any CPU.ActiveCfg = Debug|Any CPU
		{BFC591E5-EE04-4B95-AAAA-B692D4E220FF}.Debug|Any CPU.Build.0 = Debug|Any CPU
		{BFC591E5-EE04-4B95-AAAA-B692D4E220FF}.Release|Any CPU.ActiveCfg = Release|Any CPU
		{BFC591E5-EE04-4B95-AAAA-B692D4E220FF}.Release|Any CPU.Build.0 = Release|Any CPU
		{6030942C-CE95-49BC-B30F-37F08019EC8F}.Debug|Any CPU.ActiveCfg = Debug|Any CPU
		{6030942C-CE95-49BC-B30F-37F08019EC8F}.Debug|Any CPU.Build.0 = Debug|Any CPU
		{6030942C-CE95-49BC-B30F-37F08019EC8F}.Release|Any CPU.ActiveCfg = Release|Any CPU
		{6030942C-CE95-49BC-B30F-37F08019EC8F}.Release|Any CPU.Build.0 = Release|Any CPU
		{BBDE9769-FD45-4160-B352-F481F54BBED9}.Debug|Any CPU.ActiveCfg = Debug|Any CPU
		{BBDE9769-FD45-4160-B352-F481F54BBED9}.Debug|Any CPU.Build.0 = Debug|Any CPU
		{BBDE9769-FD45-4160-B352-F481F54BBED9}.Release|Any CPU.ActiveCfg = Release|Any CPU
		{BBDE9769-FD45-4160-B352-F481F54BBED9}.Release|Any CPU.Build.0 = Release|Any CPU
		{C54F0317-4DBC-4D6F-8AB4-102BF8365F49}.Debug|Any CPU.ActiveCfg = Debug|Any CPU
		{C54F0317-4DBC-4D6F-8AB4-102BF8365F49}.Debug|Any CPU.Build.0 = Debug|Any CPU
		{C54F0317-4DBC-4D6F-8AB4-102BF8365F49}.Release|Any CPU.ActiveCfg = Release|Any CPU
		{C54F0317-4DBC-4D6F-8AB4-102BF8365F49}.Release|Any CPU.Build.0 = Release|Any CPU
		{E666D097-687C-4D14-BD1C-0E19CAAF06B0}.Debug|Any CPU.ActiveCfg = Debug|Any CPU
		{E666D097-687C-4D14-BD1C-0E19CAAF06B0}.Debug|Any CPU.Build.0 = Debug|Any CPU
		{E666D097-687C-4D14-BD1C-0E19CAAF06B0}.Release|Any CPU.ActiveCfg = Release|Any CPU
		{E666D097-687C-4D14-BD1C-0E19CAAF06B0}.Release|Any CPU.Build.0 = Release|Any CPU
		{8A8AF50B-3C88-4514-9069-68F80A27C6B1}.Debug|Any CPU.ActiveCfg = Debug|Any CPU
		{8A8AF50B-3C88-4514-9069-68F80A27C6B1}.Debug|Any CPU.Build.0 = Debug|Any CPU
		{8A8AF50B-3C88-4514-9069-68F80A27C6B1}.Release|Any CPU.ActiveCfg = Release|Any CPU
		{8A8AF50B-3C88-4514-9069-68F80A27C6B1}.Release|Any CPU.Build.0 = Release|Any CPU
		{2833BDB4-987B-43EB-A3EC-638D095F055F}.Debug|Any CPU.ActiveCfg = Debug|Any CPU
		{2833BDB4-987B-43EB-A3EC-638D095F055F}.Debug|Any CPU.Build.0 = Debug|Any CPU
		{2833BDB4-987B-43EB-A3EC-638D095F055F}.Release|Any CPU.ActiveCfg = Release|Any CPU
		{2833BDB4-987B-43EB-A3EC-638D095F055F}.Release|Any CPU.Build.0 = Release|Any CPU
		{C7629FE9-0193-4FA1-9097-0ED55BFE18F0}.Debug|Any CPU.ActiveCfg = Debug|Any CPU
		{C7629FE9-0193-4FA1-9097-0ED55BFE18F0}.Debug|Any CPU.Build.0 = Debug|Any CPU
		{C7629FE9-0193-4FA1-9097-0ED55BFE18F0}.Release|Any CPU.ActiveCfg = Release|Any CPU
		{C7629FE9-0193-4FA1-9097-0ED55BFE18F0}.Release|Any CPU.Build.0 = Release|Any CPU
		{5FD0BF5C-0DF0-4A41-8F3A-49C868945094}.Debug|Any CPU.ActiveCfg = Debug|Any CPU
		{5FD0BF5C-0DF0-4A41-8F3A-49C868945094}.Debug|Any CPU.Build.0 = Debug|Any CPU
		{5FD0BF5C-0DF0-4A41-8F3A-49C868945094}.Release|Any CPU.ActiveCfg = Release|Any CPU
		{5FD0BF5C-0DF0-4A41-8F3A-49C868945094}.Release|Any CPU.Build.0 = Release|Any CPU
		{942537C3-64A4-4EFA-8196-0828A00A6679}.Debug|Any CPU.ActiveCfg = Debug|Any CPU
		{942537C3-64A4-4EFA-8196-0828A00A6679}.Debug|Any CPU.Build.0 = Debug|Any CPU
		{942537C3-64A4-4EFA-8196-0828A00A6679}.Release|Any CPU.ActiveCfg = Release|Any CPU
		{942537C3-64A4-4EFA-8196-0828A00A6679}.Release|Any CPU.Build.0 = Release|Any CPU
		{6FFA64C8-FA28-4865-AA05-CABAB6444237}.Debug|Any CPU.ActiveCfg = Debug|Any CPU
		{6FFA64C8-FA28-4865-AA05-CABAB6444237}.Debug|Any CPU.Build.0 = Debug|Any CPU
		{6FFA64C8-FA28-4865-AA05-CABAB6444237}.Release|Any CPU.ActiveCfg = Release|Any CPU
		{6FFA64C8-FA28-4865-AA05-CABAB6444237}.Release|Any CPU.Build.0 = Release|Any CPU
		{9D817519-BE65-43C8-9D6B-EAC97544215C}.Debug|Any CPU.ActiveCfg = Debug|Any CPU
		{9D817519-BE65-43C8-9D6B-EAC97544215C}.Debug|Any CPU.Build.0 = Debug|Any CPU
		{9D817519-BE65-43C8-9D6B-EAC97544215C}.Release|Any CPU.ActiveCfg = Release|Any CPU
		{9D817519-BE65-43C8-9D6B-EAC97544215C}.Release|Any CPU.Build.0 = Release|Any CPU
		{4D20013F-85E3-4CDE-9424-F5828891622D}.Debug|Any CPU.ActiveCfg = Debug|Any CPU
		{4D20013F-85E3-4CDE-9424-F5828891622D}.Debug|Any CPU.Build.0 = Debug|Any CPU
		{4D20013F-85E3-4CDE-9424-F5828891622D}.Release|Any CPU.ActiveCfg = Release|Any CPU
		{4D20013F-85E3-4CDE-9424-F5828891622D}.Release|Any CPU.Build.0 = Release|Any CPU
		{CF100F4A-E9C4-4151-80D9-0DE89380A81B}.Debug|Any CPU.ActiveCfg = Debug|Any CPU
		{CF100F4A-E9C4-4151-80D9-0DE89380A81B}.Debug|Any CPU.Build.0 = Debug|Any CPU
		{CF100F4A-E9C4-4151-80D9-0DE89380A81B}.Release|Any CPU.ActiveCfg = Release|Any CPU
		{CF100F4A-E9C4-4151-80D9-0DE89380A81B}.Release|Any CPU.Build.0 = Release|Any CPU
		{EAA39995-1C9D-4DC1-89CB-277C0950DE2D}.Debug|Any CPU.ActiveCfg = Debug|Any CPU
		{EAA39995-1C9D-4DC1-89CB-277C0950DE2D}.Debug|Any CPU.Build.0 = Debug|Any CPU
		{EAA39995-1C9D-4DC1-89CB-277C0950DE2D}.Release|Any CPU.ActiveCfg = Release|Any CPU
		{EAA39995-1C9D-4DC1-89CB-277C0950DE2D}.Release|Any CPU.Build.0 = Release|Any CPU
		{F928807A-B7EB-4980-BB59-FE4B6BA30DA8}.Debug|Any CPU.ActiveCfg = Debug|Any CPU
		{F928807A-B7EB-4980-BB59-FE4B6BA30DA8}.Debug|Any CPU.Build.0 = Debug|Any CPU
		{F928807A-B7EB-4980-BB59-FE4B6BA30DA8}.Release|Any CPU.ActiveCfg = Release|Any CPU
		{F928807A-B7EB-4980-BB59-FE4B6BA30DA8}.Release|Any CPU.Build.0 = Release|Any CPU
		{625FC619-C949-4486-8685-E5E4E7E9F28F}.Debug|Any CPU.ActiveCfg = Debug|Any CPU
		{625FC619-C949-4486-8685-E5E4E7E9F28F}.Debug|Any CPU.Build.0 = Debug|Any CPU
		{625FC619-C949-4486-8685-E5E4E7E9F28F}.Release|Any CPU.ActiveCfg = Release|Any CPU
		{625FC619-C949-4486-8685-E5E4E7E9F28F}.Release|Any CPU.Build.0 = Release|Any CPU
		{CEBF60CE-DE91-4552-B04D-E62DDF1C02AE}.Debug|Any CPU.ActiveCfg = Debug|Any CPU
		{CEBF60CE-DE91-4552-B04D-E62DDF1C02AE}.Debug|Any CPU.Build.0 = Debug|Any CPU
		{CEBF60CE-DE91-4552-B04D-E62DDF1C02AE}.Release|Any CPU.ActiveCfg = Release|Any CPU
		{CEBF60CE-DE91-4552-B04D-E62DDF1C02AE}.Release|Any CPU.Build.0 = Release|Any CPU
		{991EDD61-86DA-4568-9821-29875334D907}.Debug|Any CPU.ActiveCfg = Debug|Any CPU
		{991EDD61-86DA-4568-9821-29875334D907}.Debug|Any CPU.Build.0 = Debug|Any CPU
		{991EDD61-86DA-4568-9821-29875334D907}.Release|Any CPU.ActiveCfg = Release|Any CPU
		{991EDD61-86DA-4568-9821-29875334D907}.Release|Any CPU.Build.0 = Release|Any CPU
		{E76E75EC-A2EB-4A75-886E-8F25CCB1CCEF}.Debug|Any CPU.ActiveCfg = Debug|Any CPU
		{E76E75EC-A2EB-4A75-886E-8F25CCB1CCEF}.Debug|Any CPU.Build.0 = Debug|Any CPU
		{E76E75EC-A2EB-4A75-886E-8F25CCB1CCEF}.Release|Any CPU.ActiveCfg = Release|Any CPU
		{E76E75EC-A2EB-4A75-886E-8F25CCB1CCEF}.Release|Any CPU.Build.0 = Release|Any CPU
		{963D73D8-1AF3-4F97-AC2A-BD19096FAF9D}.Debug|Any CPU.ActiveCfg = Debug|Any CPU
		{963D73D8-1AF3-4F97-AC2A-BD19096FAF9D}.Debug|Any CPU.Build.0 = Debug|Any CPU
		{963D73D8-1AF3-4F97-AC2A-BD19096FAF9D}.Release|Any CPU.ActiveCfg = Release|Any CPU
		{963D73D8-1AF3-4F97-AC2A-BD19096FAF9D}.Release|Any CPU.Build.0 = Release|Any CPU
	EndGlobalSection
	GlobalSection(SolutionProperties) = preSolution
		HideSolutionNode = FALSE
	EndGlobalSection
	GlobalSection(NestedProjects) = preSolution
		{8D8CC468-2932-445E-8BDA-E6E643DF6F14} = {8E21BFAE-386D-4356-98A0-82FC6B724E1A}
		{C74BD4AB-2521-48BD-98BA-3BA11A5F7056} = {35C0F2CF-E09F-4566-8620-7C843979ED44}
		{A9922FE2-1CF2-4DB0-9D7C-FF3484F632D9} = {9DBF4490-B681-4DD1-B153-919AA0CE5B06}
		{269BAE82-66EC-409C-987E-E4134E809B2D} = {F885BE78-0950-4E67-B66E-753470F0B1A4}
		{BFC591E5-EE04-4B95-AAAA-B692D4E220FF} = {269BAE82-66EC-409C-987E-E4134E809B2D}
		{6030942C-CE95-49BC-B30F-37F08019EC8F} = {F818BA6C-4CD9-4E30-A8E7-30D7006C8A03}
		{896591FF-15E1-479B-A0D9-A53F5A850ECB} = {F885BE78-0950-4E67-B66E-753470F0B1A4}
		{BBDE9769-FD45-4160-B352-F481F54BBED9} = {896591FF-15E1-479B-A0D9-A53F5A850ECB}
		{73901406-D219-4CCF-B894-8CCBBD865EF4} = {F885BE78-0950-4E67-B66E-753470F0B1A4}
		{C54F0317-4DBC-4D6F-8AB4-102BF8365F49} = {73901406-D219-4CCF-B894-8CCBBD865EF4}
		{FB732104-38C2-4120-B5D9-F72B1D96D8B6} = {F885BE78-0950-4E67-B66E-753470F0B1A4}
		{E666D097-687C-4D14-BD1C-0E19CAAF06B0} = {FB732104-38C2-4120-B5D9-F72B1D96D8B6}
		{525C4A06-D005-492D-8438-96E890424BED} = {8E21BFAE-386D-4356-98A0-82FC6B724E1A}
		{8A8AF50B-3C88-4514-9069-68F80A27C6B1} = {1CD35BF2-B7F9-4AC6-97EB-2A55D192B69F}
		{2833BDB4-987B-43EB-A3EC-638D095F055F} = {525C4A06-D005-492D-8438-96E890424BED}
		{0A5FC4B4-BA5D-4374-920E-A511698C227E} = {F885BE78-0950-4E67-B66E-753470F0B1A4}
		{C7629FE9-0193-4FA1-9097-0ED55BFE18F0} = {0A5FC4B4-BA5D-4374-920E-A511698C227E}
		{5FD0BF5C-0DF0-4A41-8F3A-49C868945094} = {8E21BFAE-386D-4356-98A0-82FC6B724E1A}
		{942537C3-64A4-4EFA-8196-0828A00A6679} = {35C0F2CF-E09F-4566-8620-7C843979ED44}
		{12F3939A-0926-4A40-A3C9-8226901A9DF5} = {F885BE78-0950-4E67-B66E-753470F0B1A4}
		{6FFA64C8-FA28-4865-AA05-CABAB6444237} = {12F3939A-0926-4A40-A3C9-8226901A9DF5}
		{ECB73582-A35F-40F6-8B48-55E62DAD635E} = {F885BE78-0950-4E67-B66E-753470F0B1A4}
		{9D817519-BE65-43C8-9D6B-EAC97544215C} = {ECB73582-A35F-40F6-8B48-55E62DAD635E}
		{4D20013F-85E3-4CDE-9424-F5828891622D} = {269BAE82-66EC-409C-987E-E4134E809B2D}
		{CF100F4A-E9C4-4151-80D9-0DE89380A81B} = {525C4A06-D005-492D-8438-96E890424BED}
		{EAA39995-1C9D-4DC1-89CB-277C0950DE2D} = {35C0F2CF-E09F-4566-8620-7C843979ED44}
		{F928807A-B7EB-4980-BB59-FE4B6BA30DA8} = {525C4A06-D005-492D-8438-96E890424BED}
		{625FC619-C949-4486-8685-E5E4E7E9F28F} = {525C4A06-D005-492D-8438-96E890424BED}
		{CEBF60CE-DE91-4552-B04D-E62DDF1C02AE} = {269BAE82-66EC-409C-987E-E4134E809B2D}
		{991EDD61-86DA-4568-9821-29875334D907} = {525C4A06-D005-492D-8438-96E890424BED}
		{E76E75EC-A2EB-4A75-886E-8F25CCB1CCEF} = {525C4A06-D005-492D-8438-96E890424BED}
		{963D73D8-1AF3-4F97-AC2A-BD19096FAF9D} = {525C4A06-D005-492D-8438-96E890424BED}
	EndGlobalSection
	GlobalSection(ExtensibilityGlobals) = postSolution
		SolutionGuid = {F4AEA359-307D-446C-98ED-357775C930D5}
	EndGlobalSection
EndGlobal
